
Microsoft Visual Studio Solution File, Format Version 12.00
# Visual Studio 2017
Project("{FAE04EC0-301F-11D3-BF4B-00C04F79EFBC}") = "TeamKernel-master", "TeamKernel-master.csproj", "{63C55CCA-9DD4-0FE8-4C0D-7782D22D7972}"
EndProject
Project("{FAE04EC0-301F-11D3-BF4B-00C04F79EFBC}") = "Unity.TextMeshPro", "Unity.TextMeshPro.csproj", "{07A21C90-D344-AE1A-8456-9910C203B41A}"
EndProject
Project("{FAE04EC0-301F-11D3-BF4B-00C04F79EFBC}") = "TeamKernel-master.Plugins", "TeamKernel-master.Plugins.csproj", "{DB30ED9F-BDC6-A5FA-D2E5-F45102DE274F}"
EndProject
Project("{FAE04EC0-301F-11D3-BF4B-00C04F79EFBC}") = "Unity.PackageManagerUI.Editor", "Unity.PackageManagerUI.Editor.csproj", "{6877705C-FBD9-0C4F-5AFB-6FB431E5D39D}"
EndProject
Project("{FAE04EC0-301F-11D3-BF4B-00C04F79EFBC}") = "TeamKernel-master.Editor", "TeamKernel-master.Editor.csproj", "{D1F00FF9-D6BD-D129-4794-53202098AE56}"
EndProject
Project("{FAE04EC0-301F-11D3-BF4B-00C04F79EFBC}") = "Unity.TextMeshPro.Editor", "Unity.TextMeshPro.Editor.csproj", "{3A848AB7-9891-EDDA-D555-BF184C2F81F4}"
EndProject
Project("{FAE04EC0-301F-11D3-BF4B-00C04F79EFBC}") = "UnityEditor.StandardEvents", "UnityEditor.StandardEvents.csproj", "{6800202F-4402-D405-F8CB-03DC7BD78B92}"
EndProject
Global
	GlobalSection(SolutionConfigurationPlatforms) = preSolution
		Debug|Any CPU = Debug|Any CPU
		Release|Any CPU = Release|Any CPU
	EndGlobalSection
	GlobalSection(ProjectConfigurationPlatforms) = postSolution
		{63C55CCA-9DD4-0FE8-4C0D-7782D22D7972}.Debug|Any CPU.ActiveCfg = Debug|Any CPU
		{63C55CCA-9DD4-0FE8-4C0D-7782D22D7972}.Debug|Any CPU.Build.0 = Debug|Any CPU
		{63C55CCA-9DD4-0FE8-4C0D-7782D22D7972}.Release|Any CPU.ActiveCfg = Release|Any CPU
		{63C55CCA-9DD4-0FE8-4C0D-7782D22D7972}.Release|Any CPU.Build.0 = Release|Any CPU
		{07A21C90-D344-AE1A-8456-9910C203B41A}.Debug|Any CPU.ActiveCfg = Debug|Any CPU
		{07A21C90-D344-AE1A-8456-9910C203B41A}.Debug|Any CPU.Build.0 = Debug|Any CPU
		{07A21C90-D344-AE1A-8456-9910C203B41A}.Release|Any CPU.ActiveCfg = Release|Any CPU
		{07A21C90-D344-AE1A-8456-9910C203B41A}.Release|Any CPU.Build.0 = Release|Any CPU
		{DB30ED9F-BDC6-A5FA-D2E5-F45102DE274F}.Debug|Any CPU.ActiveCfg = Debug|Any CPU
		{DB30ED9F-BDC6-A5FA-D2E5-F45102DE274F}.Debug|Any CPU.Build.0 = Debug|Any CPU
		{DB30ED9F-BDC6-A5FA-D2E5-F45102DE274F}.Release|Any CPU.ActiveCfg = Release|Any CPU
		{DB30ED9F-BDC6-A5FA-D2E5-F45102DE274F}.Release|Any CPU.Build.0 = Release|Any CPU
		{6877705C-FBD9-0C4F-5AFB-6FB431E5D39D}.Debug|Any CPU.ActiveCfg = Debug|Any CPU
		{6877705C-FBD9-0C4F-5AFB-6FB431E5D39D}.Debug|Any CPU.Build.0 = Debug|Any CPU
		{6877705C-FBD9-0C4F-5AFB-6FB431E5D39D}.Release|Any CPU.ActiveCfg = Release|Any CPU
		{6877705C-FBD9-0C4F-5AFB-6FB431E5D39D}.Release|Any CPU.Build.0 = Release|Any CPU
		{D1F00FF9-D6BD-D129-4794-53202098AE56}.Debug|Any CPU.ActiveCfg = Debug|Any CPU
		{D1F00FF9-D6BD-D129-4794-53202098AE56}.Debug|Any CPU.Build.0 = Debug|Any CPU
		{D1F00FF9-D6BD-D129-4794-53202098AE56}.Release|Any CPU.ActiveCfg = Release|Any CPU
		{D1F00FF9-D6BD-D129-4794-53202098AE56}.Release|Any CPU.Build.0 = Release|Any CPU
		{3A848AB7-9891-EDDA-D555-BF184C2F81F4}.Debug|Any CPU.ActiveCfg = Debug|Any CPU
		{3A848AB7-9891-EDDA-D555-BF184C2F81F4}.Debug|Any CPU.Build.0 = Debug|Any CPU
		{3A848AB7-9891-EDDA-D555-BF184C2F81F4}.Release|Any CPU.ActiveCfg = Release|Any CPU
		{3A848AB7-9891-EDDA-D555-BF184C2F81F4}.Release|Any CPU.Build.0 = Release|Any CPU
		{6800202F-4402-D405-F8CB-03DC7BD78B92}.Debug|Any CPU.ActiveCfg = Debug|Any CPU
		{6800202F-4402-D405-F8CB-03DC7BD78B92}.Debug|Any CPU.Build.0 = Debug|Any CPU
		{6800202F-4402-D405-F8CB-03DC7BD78B92}.Release|Any CPU.ActiveCfg = Release|Any CPU
		{6800202F-4402-D405-F8CB-03DC7BD78B92}.Release|Any CPU.Build.0 = Release|Any CPU
	EndGlobalSection
	GlobalSection(SolutionProperties) = preSolution
		HideSolutionNode = FALSE
	EndGlobalSection
EndGlobal
